// !$*UTF8*$!
{
	archiveVersion = 1;
	classes = {
	};
	objectVersion = 56;
	objects = {

/* Begin PBXBuildFile section */
		51F042D72C148C5C00CFB0BD /* AppDelegate.swift in Sources */ = {isa = PBXBuildFile; fileRef = 51F042D62C148C5C00CFB0BD /* AppDelegate.swift */; };
		51F042D92C148C5C00CFB0BD /* ViewController.swift in Sources */ = {isa = PBXBuildFile; fileRef = 51F042D82C148C5C00CFB0BD /* ViewController.swift */; };
		51F042DB2C148C5D00CFB0BD /* Assets.xcassets in Resources */ = {isa = PBXBuildFile; fileRef = 51F042DA2C148C5D00CFB0BD /* Assets.xcassets */; };
		51F042DE2C148C5D00CFB0BD /* Base in Resources */ = {isa = PBXBuildFile; fileRef = 51F042DD2C148C5D00CFB0BD /* Base */; };
		51F042E62C148DE000CFB0BD /* ScrollView.swift in Sources */ = {isa = PBXBuildFile; fileRef = 51F042E52C148DE000CFB0BD /* ScrollView.swift */; };
		51F042E82C148E7E00CFB0BD /* Notify.swift in Sources */ = {isa = PBXBuildFile; fileRef = 51F042E72C148E7E00CFB0BD /* Notify.swift */; };
		51F042EC2C148F2900CFB0BD /* LayeredView.swift in Sources */ = {isa = PBXBuildFile; fileRef = 51F042EB2C148F2900CFB0BD /* LayeredView.swift */; };
		51F042F02C1490EF00CFB0BD /* SnapKit in Frameworks */ = {isa = PBXBuildFile; productRef = 51F042EF2C1490EF00CFB0BD /* SnapKit */; };
/* End PBXBuildFile section */

/* Begin PBXFileReference section */
		51F042D32C148C5C00CFB0BD /* SynchronizedScrollViews.app */ = {isa = PBXFileReference; explicitFileType = wrapper.application; includeInIndex = 0; path = SynchronizedScrollViews.app; sourceTree = BUILT_PRODUCTS_DIR; };
		51F042D62C148C5C00CFB0BD /* AppDelegate.swift */ = {isa = PBXFileReference; lastKnownFileType = sourcecode.swift; path = AppDelegate.swift; sourceTree = "<group>"; };
		51F042D82C148C5C00CFB0BD /* ViewController.swift */ = {isa = PBXFileReference; lastKnownFileType = sourcecode.swift; path = ViewController.swift; sourceTree = "<group>"; };
		51F042DA2C148C5D00CFB0BD /* Assets.xcassets */ = {isa = PBXFileReference; lastKnownFileType = folder.assetcatalog; path = Assets.xcassets; sourceTree = "<group>"; };
		51F042DD2C148C5D00CFB0BD /* Base */ = {isa = PBXFileReference; lastKnownFileType = file.storyboard; name = Base; path = Base.lproj/Main.storyboard; sourceTree = "<group>"; };
		51F042E52C148DE000CFB0BD /* ScrollView.swift */ = {isa = PBXFileReference; fileEncoding = 4; lastKnownFileType = sourcecode.swift; path = ScrollView.swift; sourceTree = "<group>"; };
		51F042E72C148E7E00CFB0BD /* Notify.swift */ = {isa = PBXFileReference; fileEncoding = 4; lastKnownFileType = sourcecode.swift; path = Notify.swift; sourceTree = "<group>"; };
		51F042EB2C148F2900CFB0BD /* LayeredView.swift */ = {isa = PBXFileReference; fileEncoding = 4; lastKnownFileType = sourcecode.swift; path = LayeredView.swift; sourceTree = "<group>"; };
/* End PBXFileReference section */

/* Begin PBXFrameworksBuildPhase section */
		51F042D02C148C5C00CFB0BD /* Frameworks */ = {
			isa = PBXFrameworksBuildPhase;
			buildActionMask = 2147483647;
			files = (
				51F042F02C1490EF00CFB0BD /* SnapKit in Frameworks */,
			);
			runOnlyForDeploymentPostprocessing = 0;
		};
/* End PBXFrameworksBuildPhase section */

/* Begin PBXGroup section */
		51F042CA2C148C5C00CFB0BD = {
			isa = PBXGroup;
			children = (
				51F042D52C148C5C00CFB0BD /* SynchronizedScrollViews */,
				51F042D42C148C5C00CFB0BD /* Products */,
			);
			sourceTree = "<group>";
		};
		51F042D42C148C5C00CFB0BD /* Products */ = {
			isa = PBXGroup;
			children = (
				51F042D32C148C5C00CFB0BD /* SynchronizedScrollViews.app */,
			);
			name = Products;
			sourceTree = "<group>";
		};
		51F042D52C148C5C00CFB0BD /* SynchronizedScrollViews */ = {
			isa = PBXGroup;
			children = (
				51F042D62C148C5C00CFB0BD /* AppDelegate.swift */,
				51F042D82C148C5C00CFB0BD /* ViewController.swift */,
				51F042E52C148DE000CFB0BD /* ScrollView.swift */,
				51F042ED2C148F6200CFB0BD /* SupportCode */,
				51F042DA2C148C5D00CFB0BD /* Assets.xcassets */,
				51F042DC2C148C5D00CFB0BD /* Main.storyboard */,
			);
			path = SynchronizedScrollViews;
			sourceTree = "<group>";
		};
		51F042ED2C148F6200CFB0BD /* SupportCode */ = {
			isa = PBXGroup;
			children = (
				51F042EB2C148F2900CFB0BD /* LayeredView.swift */,
				51F042E72C148E7E00CFB0BD /* Notify.swift */,
			);
			path = SupportCode;
			sourceTree = "<group>";
		};
/* End PBXGroup section */

/* Begin PBXNativeTarget section */
		51F042D22C148C5C00CFB0BD /* SynchronizedScrollViews */ = {
			isa = PBXNativeTarget;
			buildConfigurationList = 51F042E22C148C5D00CFB0BD /* Build configuration list for PBXNativeTarget "SynchronizedScrollViews" */;
			buildPhases = (
				51F042CF2C148C5C00CFB0BD /* Sources */,
				51F042D02C148C5C00CFB0BD /* Frameworks */,
				51F042D12C148C5C00CFB0BD /* Resources */,
			);
			buildRules = (
			);
			dependencies = (
			);
			name = SynchronizedScrollViews;
			packageProductDependencies = (
				51F042EF2C1490EF00CFB0BD /* SnapKit */,
			);
			productName = SynchronizedScrollViews;
			productReference = 51F042D32C148C5C00CFB0BD /* SynchronizedScrollViews.app */;
			productType = "com.apple.product-type.application";
		};
/* End PBXNativeTarget section */

/* Begin PBXProject section */
		51F042CB2C148C5C00CFB0BD /* Project object */ = {
			isa = PBXProject;
			attributes = {
				BuildIndependentTargetsInParallel = 1;
				LastSwiftUpdateCheck = 1530;
				LastUpgradeCheck = 1530;
				TargetAttributes = {
					51F042D22C148C5C00CFB0BD = {
						CreatedOnToolsVersion = 15.3;
					};
				};
			};
			buildConfigurationList = 51F042CE2C148C5C00CFB0BD /* Build configuration list for PBXProject "SynchronizedScrollViews" */;
			compatibilityVersion = "Xcode 14.0";
			developmentRegion = en;
			hasScannedForEncodings = 0;
			knownRegions = (
				en,
				Base,
			);
			mainGroup = 51F042CA2C148C5C00CFB0BD;
			packageReferences = (
				51F042EE2C1490EF00CFB0BD /* XCRemoteSwiftPackageReference "SnapKit" */,
			);
			productRefGroup = 51F042D42C148C5C00CFB0BD /* Products */;
			projectDirPath = "";
			projectRoot = "";
			targets = (
				51F042D22C148C5C00CFB0BD /* SynchronizedScrollViews */,
			);
		};
/* End PBXProject section */

/* Begin PBXResourcesBuildPhase section */
		51F042D12C148C5C00CFB0BD /* Resources */ = {
			isa = PBXResourcesBuildPhase;
			buildActionMask = 2147483647;
			files = (
				51F042DB2C148C5D00CFB0BD /* Assets.xcassets in Resources */,
				51F042DE2C148C5D00CFB0BD /* Base in Resources */,
			);
			runOnlyForDeploymentPostprocessing = 0;
		};
/* End PBXResourcesBuildPhase section */

/* Begin PBXSourcesBuildPhase section */
		51F042CF2C148C5C00CFB0BD /* Sources */ = {
			isa = PBXSourcesBuildPhase;
			buildActionMask = 2147483647;
			files = (
				51F042E82C148E7E00CFB0BD /* Notify.swift in Sources */,
				51F042D92C148C5C00CFB0BD /* ViewController.swift in Sources */,
				51F042D72C148C5C00CFB0BD /* AppDelegate.swift in Sources */,
				51F042E62C148DE000CFB0BD /* ScrollView.swift in Sources */,
				51F042EC2C148F2900CFB0BD /* LayeredView.swift in Sources */,
			);
			runOnlyForDeploymentPostprocessing = 0;
		};
/* End PBXSourcesBuildPhase section */

/* Begin PBXVariantGroup section */
		51F042DC2C148C5D00CFB0BD /* Main.storyboard */ = {
			isa = PBXVariantGroup;
			children = (
				51F042DD2C148C5D00CFB0BD /* Base */,
			);
			name = Main.storyboard;
			sourceTree = "<group>";
		};
/* End PBXVariantGroup section */

/* Begin XCBuildConfiguration section */
		51F042E02C148C5D00CFB0BD /* Debug */ = {
			isa = XCBuildConfiguration;
			buildSettings = {
				ALWAYS_SEARCH_USER_PATHS = NO;
				ASSETCATALOG_COMPILER_GENERATE_SWIFT_ASSET_SYMBOL_EXTENSIONS = YES;
				CLANG_ANALYZER_NONNULL = YES;
				CLANG_ANALYZER_NUMBER_OBJECT_CONVERSION = YES_AGGRESSIVE;
				CLANG_CXX_LANGUAGE_STANDARD = "gnu++20";
				CLANG_ENABLE_MODULES = YES;
				CLANG_ENABLE_OBJC_ARC = YES;
				CLANG_ENABLE_OBJC_WEAK = YES;
				CLANG_WARN_BLOCK_CAPTURE_AUTORELEASING = YES;
				CLANG_WARN_BOOL_CONVERSION = YES;
				CLANG_WARN_COMMA = YES;
				CLANG_WARN_CONSTANT_CONVERSION = YES;
				CLANG_WARN_DEPRECATED_OBJC_IMPLEMENTATIONS = YES;
				CLANG_WARN_DIRECT_OBJC_ISA_USAGE = YES_ERROR;
				CLANG_WARN_DOCUMENTATION_COMMENTS = YES;
				CLANG_WARN_EMPTY_BODY = YES;
				CLANG_WARN_ENUM_CONVERSION = YES;
				CLANG_WARN_INFINITE_RECURSION = YES;
				CLANG_WARN_INT_CONVERSION = YES;
				CLANG_WARN_NON_LITERAL_NULL_CONVERSION = YES;
				CLANG_WARN_OBJC_IMPLICIT_RETAIN_SELF = YES;
				CLANG_WARN_OBJC_LITERAL_CONVERSION = YES;
				CLANG_WARN_OBJC_ROOT_CLASS = YES_ERROR;
				CLANG_WARN_QUOTED_INCLUDE_IN_FRAMEWORK_HEADER = YES;
				CLANG_WARN_RANGE_LOOP_ANALYSIS = YES;
				CLANG_WARN_STRICT_PROTOTYPES = YES;
				CLANG_WARN_SUSPICIOUS_MOVE = YES;
				CLANG_WARN_UNGUARDED_AVAILABILITY = YES_AGGRESSIVE;
				CLANG_WARN_UNREACHABLE_CODE = YES;
				CLANG_WARN__DUPLICATE_METHOD_MATCH = YES;
				COPY_PHASE_STRIP = NO;
				DEBUG_INFORMATION_FORMAT = dwarf;
				ENABLE_STRICT_OBJC_MSGSEND = YES;
				ENABLE_TESTABILITY = YES;
				ENABLE_USER_SCRIPT_SANDBOXING = YES;
				GCC_C_LANGUAGE_STANDARD = gnu17;
				GCC_DYNAMIC_NO_PIC = NO;
				GCC_NO_COMMON_BLOCKS = YES;
				GCC_OPTIMIZATION_LEVEL = 0;
				GCC_PREPROCESSOR_DEFINITIONS = (
					"DEBUG=1",
					"$(inherited)",
				);
				GCC_WARN_64_TO_32_BIT_CONVERSION = YES;
				GCC_WARN_ABOUT_RETURN_TYPE = YES_ERROR;
				GCC_WARN_UNDECLARED_SELECTOR = YES;
				GCC_WARN_UNINITIALIZED_AUTOS = YES_AGGRESSIVE;
				GCC_WARN_UNUSED_FUNCTION = YES;
				GCC_WARN_UNUSED_VARIABLE = YES;
				LOCALIZATION_PREFERS_STRING_CATALOGS = YES;
				MACOSX_DEPLOYMENT_TARGET = 14.4;
				MTL_ENABLE_DEBUG_INFO = INCLUDE_SOURCE;
				MTL_FAST_MATH = YES;
				ONLY_ACTIVE_ARCH = YES;
				SDKROOT = macosx;
				SWIFT_ACTIVE_COMPILATION_CONDITIONS = "DEBUG $(inherited)";
				SWIFT_OPTIMIZATION_LEVEL = "-Onone";
			};
			name = Debug;
		};
		51F042E12C148C5D00CFB0BD /* Release */ = {
			isa = XCBuildConfiguration;
			buildSettings = {
				ALWAYS_SEARCH_USER_PATHS = NO;
				ASSETCATALOG_COMPILER_GENERATE_SWIFT_ASSET_SYMBOL_EXTENSIONS = YES;
				CLANG_ANALYZER_NONNULL = YES;
				CLANG_ANALYZER_NUMBER_OBJECT_CONVERSION = YES_AGGRESSIVE;
				CLANG_CXX_LANGUAGE_STANDARD = "gnu++20";
				CLANG_ENABLE_MODULES = YES;
				CLANG_ENABLE_OBJC_ARC = YES;
				CLANG_ENABLE_OBJC_WEAK = YES;
				CLANG_WARN_BLOCK_CAPTURE_AUTORELEASING = YES;
				CLANG_WARN_BOOL_CONVERSION = YES;
				CLANG_WARN_COMMA = YES;
				CLANG_WARN_CONSTANT_CONVERSION = YES;
				CLANG_WARN_DEPRECATED_OBJC_IMPLEMENTATIONS = YES;
				CLANG_WARN_DIRECT_OBJC_ISA_USAGE = YES_ERROR;
				CLANG_WARN_DOCUMENTATION_COMMENTS = YES;
				CLANG_WARN_EMPTY_BODY = YES;
				CLANG_WARN_ENUM_CONVERSION = YES;
				CLANG_WARN_INFINITE_RECURSION = YES;
				CLANG_WARN_INT_CONVERSION = YES;
				CLANG_WARN_NON_LITERAL_NULL_CONVERSION = YES;
				CLANG_WARN_OBJC_IMPLICIT_RETAIN_SELF = YES;
				CLANG_WARN_OBJC_LITERAL_CONVERSION = YES;
				CLANG_WARN_OBJC_ROOT_CLASS = YES_ERROR;
				CLANG_WARN_QUOTED_INCLUDE_IN_FRAMEWORK_HEADER = YES;
				CLANG_WARN_RANGE_LOOP_ANALYSIS = YES;
				CLANG_WARN_STRICT_PROTOTYPES = YES;
				CLANG_WARN_SUSPICIOUS_MOVE = YES;
				CLANG_WARN_UNGUARDED_AVAILABILITY = YES_AGGRESSIVE;
				CLANG_WARN_UNREACHABLE_CODE = YES;
				CLANG_WARN__DUPLICATE_METHOD_MATCH = YES;
				COPY_PHASE_STRIP = NO;
				DEBUG_INFORMATION_FORMAT = "dwarf-with-dsym";
				ENABLE_NS_ASSERTIONS = NO;
				ENABLE_STRICT_OBJC_MSGSEND = YES;
				ENABLE_USER_SCRIPT_SANDBOXING = YES;
				GCC_C_LANGUAGE_STANDARD = gnu17;
				GCC_NO_COMMON_BLOCKS = YES;
				GCC_WARN_64_TO_32_BIT_CONVERSION = YES;
				GCC_WARN_ABOUT_RETURN_TYPE = YES_ERROR;
				GCC_WARN_UNDECLARED_SELECTOR = YES;
				GCC_WARN_UNINITIALIZED_AUTOS = YES_AGGRESSIVE;
				GCC_WARN_UNUSED_FUNCTION = YES;
				GCC_WARN_UNUSED_VARIABLE = YES;
				LOCALIZATION_PREFERS_STRING_CATALOGS = YES;
				MACOSX_DEPLOYMENT_TARGET = 14.4;
				MTL_ENABLE_DEBUG_INFO = NO;
				MTL_FAST_MATH = YES;
				SDKROOT = macosx;
				SWIFT_COMPILATION_MODE = wholemodule;
			};
			name = Release;
		};
		51F042E32C148C5D00CFB0BD /* Debug */ = {
			isa = XCBuildConfiguration;
			buildSettings = {
				ASSETCATALOG_COMPILER_APPICON_NAME = AppIcon;
				ASSETCATALOG_COMPILER_GLOBAL_ACCENT_COLOR_NAME = AccentColor;
				CODE_SIGN_ENTITLEMENTS = "";
				CODE_SIGN_IDENTITY = "Apple Development";
				"CODE_SIGN_IDENTITY[sdk=macosx*]" = "-";
				CODE_SIGN_STYLE = Automatic;
				COMBINE_HIDPI_IMAGES = YES;
				CURRENT_PROJECT_VERSION = 1;
				DEVELOPMENT_TEAM = R6RZ6S2FLK;
				ENABLE_HARDENED_RUNTIME = NO;
				GENERATE_INFOPLIST_FILE = YES;
				INFOPLIST_KEY_NSHumanReadableCopyright = "";
				INFOPLIST_KEY_NSMainStoryboardFile = Main;
				INFOPLIST_KEY_NSPrincipalClass = NSApplication;
				LD_RUNPATH_SEARCH_PATHS = (
					"$(inherited)",
					"@executable_path/../Frameworks",
				);
				MARKETING_VERSION = 1.0;
				PRODUCT_BUNDLE_IDENTIFIER = jp.usagimaru.SynchronizedScrollViews;
				PRODUCT_NAME = "$(TARGET_NAME)";
				PROVISIONING_PROFILE_SPECIFIER = "";
				SWIFT_EMIT_LOC_STRINGS = YES;
				SWIFT_VERSION = 5.0;
			};
			name = Debug;
		};
		51F042E42C148C5D00CFB0BD /* Release */ = {
			isa = XCBuildConfiguration;
			buildSettings = {
				ASSETCATALOG_COMPILER_APPICON_NAME = AppIcon;
				ASSETCATALOG_COMPILER_GLOBAL_ACCENT_COLOR_NAME = AccentColor;
				CODE_SIGN_ENTITLEMENTS = "";
				CODE_SIGN_IDENTITY = "Apple Development";
				"CODE_SIGN_IDENTITY[sdk=macosx*]" = "-";
				CODE_SIGN_STYLE = Automatic;
				COMBINE_HIDPI_IMAGES = YES;
				CURRENT_PROJECT_VERSION = 1;
				DEVELOPMENT_TEAM = R6RZ6S2FLK;
				ENABLE_HARDENED_RUNTIME = NO;
				GENERATE_INFOPLIST_FILE = YES;
				INFOPLIST_KEY_NSHumanReadableCopyright = "";
				INFOPLIST_KEY_NSMainStoryboardFile = Main;
				INFOPLIST_KEY_NSPrincipalClass = NSApplication;
				LD_RUNPATH_SEARCH_PATHS = (
					"$(inherited)",
					"@executable_path/../Frameworks",
				);
				MARKETING_VERSION = 1.0;
				PRODUCT_BUNDLE_IDENTIFIER = jp.usagimaru.SynchronizedScrollViews;
				PRODUCT_NAME = "$(TARGET_NAME)";
				PROVISIONING_PROFILE_SPECIFIER = "";
				SWIFT_EMIT_LOC_STRINGS = YES;
				SWIFT_VERSION = 5.0;
			};
			name = Release;
		};
/* End XCBuildConfiguration section */

/* Begin XCConfigurationList section */
		51F042CE2C148C5C00CFB0BD /* Build configuration list for PBXProject "SynchronizedScrollViews" */ = {
			isa = XCConfigurationList;
			buildConfigurations = (
				51F042E02C148C5D00CFB0BD /* Debug */,
				51F042E12C148C5D00CFB0BD /* Release */,
			);
			defaultConfigurationIsVisible = 0;
			defaultConfigurationName = Release;
		};
		51F042E22C148C5D00CFB0BD /* Build configuration list for PBXNativeTarget "SynchronizedScrollViews" */ = {
			isa = XCConfigurationList;
			buildConfigurations = (
				51F042E32C148C5D00CFB0BD /* Debug */,
				51F042E42C148C5D00CFB0BD /* Release */,
			);
			defaultConfigurationIsVisible = 0;
			defaultConfigurationName = Release;
		};
/* End XCConfigurationList section */

/* Begin XCRemoteSwiftPackageReference section */
		51F042EE2C1490EF00CFB0BD /* XCRemoteSwiftPackageReference "SnapKit" */ = {
			isa = XCRemoteSwiftPackageReference;
			repositoryURL = "https://github.com/SnapKit/SnapKit";
			requirement = {
				kind = upToNextMajorVersion;
				minimumVersion = 5.7.1;
			};
		};
/* End XCRemoteSwiftPackageReference section */

/* Begin XCSwiftPackageProductDependency section */
		51F042EF2C1490EF00CFB0BD /* SnapKit */ = {
			isa = XCSwiftPackageProductDependency;
			package = 51F042EE2C1490EF00CFB0BD /* XCRemoteSwiftPackageReference "SnapKit" */;
			productName = SnapKit;
		};
/* End XCSwiftPackageProductDependency section */
	};
	rootObject = 51F042CB2C148C5C00CFB0BD /* Project object */;
}
